
Microsoft Visual Studio Solution File, Format Version 12.00
# Visual Studio Version 17
VisualStudioVersion = 17.3.32929.385
MinimumVisualStudioVersion = 10.0.40219.1
Project("{FAE04EC0-301F-11D3-BF4B-00C04F79EFBC}") = "Bubblesort", "Bubblesort\Bubblesort.csproj", "{3C13E56D-6081-4E2D-949A-F64886C49965}"
EndProject
Global
	GlobalSection(SolutionConfigurationPlatforms) = preSolution
		Debug|Any CPU = Debug|Any CPU
		Release|Any CPU = Release|Any CPU
	EndGlobalSection
	GlobalSection(ProjectConfigurationPlatforms) = postSolution
		{3C13E56D-6081-4E2D-949A-F64886C49965}.Debug|Any CPU.ActiveCfg = Debug|Any CPU
		{3C13E56D-6081-4E2D-949A-F64886C49965}.Debug|Any CPU.Build.0 = Debug|Any CPU
		{3C13E56D-6081-4E2D-949A-F64886C49965}.Release|Any CPU.ActiveCfg = Release|Any CPU
		{3C13E56D-6081-4E2D-949A-F64886C49965}.Release|Any CPU.Build.0 = Release|Any CPU
	EndGlobalSection
	GlobalSection(SolutionProperties) = preSolution
		HideSolutionNode = FALSE
	EndGlobalSection
	GlobalSection(ExtensibilityGlobals) = postSolution
		SolutionGuid = {E8202F9F-F9EB-4BC2-A9B3-8C8BE2C122B5}
	EndGlobalSection
EndGlobal
